
Microsoft Visual Studio Solution File, Format Version 12.00
# Visual Studio Version 16
VisualStudioVersion = 16.0.31321.278
MinimumVisualStudioVersion = 10.0.40219.1
Project("{FAE04EC0-301F-11D3-BF4B-00C04F79EFBC}") = "Quiron.LojaVirtual.Dominio", "Quiron.LojaVirtual.Dominio\Quiron.LojaVirtual.Dominio.csproj", "{6E9896EF-F25B-45EC-AF89-52F70D3B9B38}"
EndProject
Project("{FAE04EC0-301F-11D3-BF4B-00C04F79EFBC}") = "Quiron.LojaVirtual.Web", "Quiron.LojaVirtual.Web\Quiron.LojaVirtual.Web.csproj", "{D444EFF7-F388-4317-A09B-BFEC1FE1DFB9}"
EndProject
Project("{FAE04EC0-301F-11D3-BF4B-00C04F79EFBC}") = "Quiron.LojaVirtual.UnitTest", "Quiron.LojaVirtual.UnitTest\Quiron.LojaVirtual.UnitTest.csproj", "{6DF508D3-6A7B-4CF8-8827-BBCC4E59CDD3}"
EndProject
Global
	GlobalSection(SolutionConfigurationPlatforms) = preSolution
		Debug|Any CPU = Debug|Any CPU
		Release|Any CPU = Release|Any CPU
	EndGlobalSection
	GlobalSection(ProjectConfigurationPlatforms) = postSolution
		{6E9896EF-F25B-45EC-AF89-52F70D3B9B38}.Debug|Any CPU.ActiveCfg = Debug|Any CPU
		{6E9896EF-F25B-45EC-AF89-52F70D3B9B38}.Debug|Any CPU.Build.0 = Debug|Any CPU
		{6E9896EF-F25B-45EC-AF89-52F70D3B9B38}.Release|Any CPU.ActiveCfg = Release|Any CPU
		{6E9896EF-F25B-45EC-AF89-52F70D3B9B38}.Release|Any CPU.Build.0 = Release|Any CPU
		{D444EFF7-F388-4317-A09B-BFEC1FE1DFB9}.Debug|Any CPU.ActiveCfg = Debug|Any CPU
		{D444EFF7-F388-4317-A09B-BFEC1FE1DFB9}.Debug|Any CPU.Build.0 = Debug|Any CPU
		{D444EFF7-F388-4317-A09B-BFEC1FE1DFB9}.Release|Any CPU.ActiveCfg = Release|Any CPU
		{D444EFF7-F388-4317-A09B-BFEC1FE1DFB9}.Release|Any CPU.Build.0 = Release|Any CPU
		{6DF508D3-6A7B-4CF8-8827-BBCC4E59CDD3}.Debug|Any CPU.ActiveCfg = Debug|Any CPU
		{6DF508D3-6A7B-4CF8-8827-BBCC4E59CDD3}.Debug|Any CPU.Build.0 = Debug|Any CPU
		{6DF508D3-6A7B-4CF8-8827-BBCC4E59CDD3}.Release|Any CPU.ActiveCfg = Release|Any CPU
		{6DF508D3-6A7B-4CF8-8827-BBCC4E59CDD3}.Release|Any CPU.Build.0 = Release|Any CPU
	EndGlobalSection
	GlobalSection(SolutionProperties) = preSolution
		HideSolutionNode = FALSE
	EndGlobalSection
	GlobalSection(ExtensibilityGlobals) = postSolution
		SolutionGuid = {EFC25E79-0492-4D5E-A8CA-CE466C71D53C}
	EndGlobalSection
EndGlobal
